
Microsoft Visual Studio Solution File, Format Version 12.00
# Visual Studio Version 17
VisualStudioVersion = 17.13.35806.99
MinimumVisualStudioVersion = 10.0.40219.1
Project("{FAE04EC0-301F-11D3-BF4B-00C04F79EFBC}") = "Inventur_MiLuv1", "Inventur_MiLuv1.csproj", "{F6371E4C-A975-4073-8F15-9993F58512EB}"
EndProject
Global
	GlobalSection(SolutionConfigurationPlatforms) = preSolution
		Debug|Any CPU = Debug|Any CPU
		Release|Any CPU = Release|Any CPU
	EndGlobalSection
	GlobalSection(ProjectConfigurationPlatforms) = postSolution
		{F6371E4C-A975-4073-8F15-9993F58512EB}.Debug|Any CPU.ActiveCfg = Debug|Any CPU
		{F6371E4C-A975-4073-8F15-9993F58512EB}.Debug|Any CPU.Build.0 = Debug|Any CPU
		{F6371E4C-A975-4073-8F15-9993F58512EB}.Release|Any CPU.ActiveCfg = Release|Any CPU
		{F6371E4C-A975-4073-8F15-9993F58512EB}.Release|Any CPU.Build.0 = Release|Any CPU
	EndGlobalSection
	GlobalSection(SolutionProperties) = preSolution
		HideSolutionNode = FALSE
	EndGlobalSection
	GlobalSection(ExtensibilityGlobals) = postSolution
		SolutionGuid = {5B6966A3-773F-461D-BC1A-D7F0005738AC}
	EndGlobalSection
EndGlobal
